
Microsoft Visual Studio Solution File, Format Version 12.00
# Visual Studio Version 17
VisualStudioVersion = 17.0.31903.59
MinimumVisualStudioVersion = 10.0.40219.1
Project("{FAE04EC0-301F-11D3-BF4B-00C04F79EFBC}") = "FYT.Domain", "FYT.Domain\FYT.Domain.csproj", "{76647934-42AC-4FD8-8F27-EDA67E6096CE}"
EndProject
Project("{FAE04EC0-301F-11D3-BF4B-00C04F79EFBC}") = "FYT.Application", "FYT.Application\FYT.Application.csproj", "{A117CA77-5129-4CB9-8944-683DA2CBB6C6}"
EndProject
Project("{FAE04EC0-301F-11D3-BF4B-00C04F79EFBC}") = "FYT.Infrastructure", "FYT.Infrastructure\FYT.Infrastructure.csproj", "{9B9DF40A-CF7F-423F-B5F0-EB30448DEFBE}"
EndProject
Project("{FAE04EC0-301F-11D3-BF4B-00C04F79EFBC}") = "FYT.API", "FYT.API\FYT.API.csproj", "{83B964FF-17EB-40F4-A587-6EAD5BE52CCB}"
EndProject
Global
	GlobalSection(SolutionConfigurationPlatforms) = preSolution
		Debug|Any CPU = Debug|Any CPU
		Debug|x64 = Debug|x64
		Debug|x86 = Debug|x86
		Release|Any CPU = Release|Any CPU
		Release|x64 = Release|x64
		Release|x86 = Release|x86
	EndGlobalSection
	GlobalSection(ProjectConfigurationPlatforms) = postSolution
		{76647934-42AC-4FD8-8F27-EDA67E6096CE}.Debug|Any CPU.ActiveCfg = Debug|Any CPU
		{76647934-42AC-4FD8-8F27-EDA67E6096CE}.Debug|Any CPU.Build.0 = Debug|Any CPU
		{76647934-42AC-4FD8-8F27-EDA67E6096CE}.Debug|x64.ActiveCfg = Debug|Any CPU
		{76647934-42AC-4FD8-8F27-EDA67E6096CE}.Debug|x64.Build.0 = Debug|Any CPU
		{76647934-42AC-4FD8-8F27-EDA67E6096CE}.Debug|x86.ActiveCfg = Debug|Any CPU
		{76647934-42AC-4FD8-8F27-EDA67E6096CE}.Debug|x86.Build.0 = Debug|Any CPU
		{76647934-42AC-4FD8-8F27-EDA67E6096CE}.Release|Any CPU.ActiveCfg = Release|Any CPU
		{76647934-42AC-4FD8-8F27-EDA67E6096CE}.Release|Any CPU.Build.0 = Release|Any CPU
		{76647934-42AC-4FD8-8F27-EDA67E6096CE}.Release|x64.ActiveCfg = Release|Any CPU
		{76647934-42AC-4FD8-8F27-EDA67E6096CE}.Release|x64.Build.0 = Release|Any CPU
		{76647934-42AC-4FD8-8F27-EDA67E6096CE}.Release|x86.ActiveCfg = Release|Any CPU
		{76647934-42AC-4FD8-8F27-EDA67E6096CE}.Release|x86.Build.0 = Release|Any CPU
		{A117CA77-5129-4CB9-8944-683DA2CBB6C6}.Debug|Any CPU.ActiveCfg = Debug|Any CPU
		{A117CA77-5129-4CB9-8944-683DA2CBB6C6}.Debug|Any CPU.Build.0 = Debug|Any CPU
		{A117CA77-5129-4CB9-8944-683DA2CBB6C6}.Debug|x64.ActiveCfg = Debug|Any CPU
		{A117CA77-5129-4CB9-8944-683DA2CBB6C6}.Debug|x64.Build.0 = Debug|Any CPU
		{A117CA77-5129-4CB9-8944-683DA2CBB6C6}.Debug|x86.ActiveCfg = Debug|Any CPU
		{A117CA77-5129-4CB9-8944-683DA2CBB6C6}.Debug|x86.Build.0 = Debug|Any CPU
		{A117CA77-5129-4CB9-8944-683DA2CBB6C6}.Release|Any CPU.ActiveCfg = Release|Any CPU
		{A117CA77-5129-4CB9-8944-683DA2CBB6C6}.Release|Any CPU.Build.0 = Release|Any CPU
		{A117CA77-5129-4CB9-8944-683DA2CBB6C6}.Release|x64.ActiveCfg = Release|Any CPU
		{A117CA77-5129-4CB9-8944-683DA2CBB6C6}.Release|x64.Build.0 = Release|Any CPU
		{A117CA77-5129-4CB9-8944-683DA2CBB6C6}.Release|x86.ActiveCfg = Release|Any CPU
		{A117CA77-5129-4CB9-8944-683DA2CBB6C6}.Release|x86.Build.0 = Release|Any CPU
		{9B9DF40A-CF7F-423F-B5F0-EB30448DEFBE}.Debug|Any CPU.ActiveCfg = Debug|Any CPU
		{9B9DF40A-CF7F-423F-B5F0-EB30448DEFBE}.Debug|Any CPU.Build.0 = Debug|Any CPU
		{9B9DF40A-CF7F-423F-B5F0-EB30448DEFBE}.Debug|x64.ActiveCfg = Debug|Any CPU
		{9B9DF40A-CF7F-423F-B5F0-EB30448DEFBE}.Debug|x64.Build.0 = Debug|Any CPU
		{9B9DF40A-CF7F-423F-B5F0-EB30448DEFBE}.Debug|x86.ActiveCfg = Debug|Any CPU
		{9B9DF40A-CF7F-423F-B5F0-EB30448DEFBE}.Debug|x86.Build.0 = Debug|Any CPU
		{9B9DF40A-CF7F-423F-B5F0-EB30448DEFBE}.Release|Any CPU.ActiveCfg = Release|Any CPU
		{9B9DF40A-CF7F-423F-B5F0-EB30448DEFBE}.Release|Any CPU.Build.0 = Release|Any CPU
		{9B9DF40A-CF7F-423F-B5F0-EB30448DEFBE}.Release|x64.ActiveCfg = Release|Any CPU
		{9B9DF40A-CF7F-423F-B5F0-EB30448DEFBE}.Release|x64.Build.0 = Release|Any CPU
		{9B9DF40A-CF7F-423F-B5F0-EB30448DEFBE}.Release|x86.ActiveCfg = Release|Any CPU
		{9B9DF40A-CF7F-423F-B5F0-EB30448DEFBE}.Release|x86.Build.0 = Release|Any CPU
		{83B964FF-17EB-40F4-A587-6EAD5BE52CCB}.Debug|Any CPU.ActiveCfg = Debug|Any CPU
		{83B964FF-17EB-40F4-A587-6EAD5BE52CCB}.Debug|Any CPU.Build.0 = Debug|Any CPU
		{83B964FF-17EB-40F4-A587-6EAD5BE52CCB}.Debug|x64.ActiveCfg = Debug|Any CPU
		{83B964FF-17EB-40F4-A587-6EAD5BE52CCB}.Debug|x64.Build.0 = Debug|Any CPU
		{83B964FF-17EB-40F4-A587-6EAD5BE52CCB}.Debug|x86.ActiveCfg = Debug|Any CPU
		{83B964FF-17EB-40F4-A587-6EAD5BE52CCB}.Debug|x86.Build.0 = Debug|Any CPU
		{83B964FF-17EB-40F4-A587-6EAD5BE52CCB}.Release|Any CPU.ActiveCfg = Release|Any CPU
		{83B964FF-17EB-40F4-A587-6EAD5BE52CCB}.Release|Any CPU.Build.0 = Release|Any CPU
		{83B964FF-17EB-40F4-A587-6EAD5BE52CCB}.Release|x64.ActiveCfg = Release|Any CPU
		{83B964FF-17EB-40F4-A587-6EAD5BE52CCB}.Release|x64.Build.0 = Release|Any CPU
		{83B964FF-17EB-40F4-A587-6EAD5BE52CCB}.Release|x86.ActiveCfg = Release|Any CPU
		{83B964FF-17EB-40F4-A587-6EAD5BE52CCB}.Release|x86.Build.0 = Release|Any CPU
	EndGlobalSection
	GlobalSection(SolutionProperties) = preSolution
		HideSolutionNode = FALSE
	EndGlobalSection
EndGlobal
